
Microsoft Visual Studio Solution File, Format Version 12.00
# Visual Studio Version 17
VisualStudioVersion = 17.8.34525.116
MinimumVisualStudioVersion = 10.0.40219.1
Project("{FAE04EC0-301F-11D3-BF4B-00C04F79EFBC}") = "WindowsFormsApp1", "WindowsFormsApp1\WindowsFormsApp1.csproj", "{72C7900C-9656-4F75-BA9B-D7C9DF529665}"
EndProject
Global
	GlobalSection(SolutionConfigurationPlatforms) = preSolution
		Debug|Any CPU = Debug|Any CPU
		Release|Any CPU = Release|Any CPU
	EndGlobalSection
	GlobalSection(ProjectConfigurationPlatforms) = postSolution
		{72C7900C-9656-4F75-BA9B-D7C9DF529665}.Debug|Any CPU.ActiveCfg = Debug|Any CPU
		{72C7900C-9656-4F75-BA9B-D7C9DF529665}.Debug|Any CPU.Build.0 = Debug|Any CPU
		{72C7900C-9656-4F75-BA9B-D7C9DF529665}.Release|Any CPU.ActiveCfg = Release|Any CPU
		{72C7900C-9656-4F75-BA9B-D7C9DF529665}.Release|Any CPU.Build.0 = Release|Any CPU
	EndGlobalSection
	GlobalSection(SolutionProperties) = preSolution
		HideSolutionNode = FALSE
	EndGlobalSection
	GlobalSection(ExtensibilityGlobals) = postSolution
		SolutionGuid = {300D834C-A707-4316-9D55-709BD1F8EDA3}
	EndGlobalSection
EndGlobal
